
Microsoft Visual Studio Solution File, Format Version 12.00
# Visual Studio Version 17
VisualStudioVersion = 17.13.35931.197 d17.13
MinimumVisualStudioVersion = 10.0.40219.1
Project("{FAE04EC0-301F-11D3-BF4B-00C04F79EFBC}") = "XVIBE_TextRPG", "XVIBE_TextRPG\XVIBE_TextRPG.csproj", "{776FAC21-CE00-456A-82F1-4BAFD385148F}"
EndProject
Global
	GlobalSection(SolutionConfigurationPlatforms) = preSolution
		Debug|Any CPU = Debug|Any CPU
		Release|Any CPU = Release|Any CPU
	EndGlobalSection
	GlobalSection(ProjectConfigurationPlatforms) = postSolution
		{776FAC21-CE00-456A-82F1-4BAFD385148F}.Debug|Any CPU.ActiveCfg = Debug|Any CPU
		{776FAC21-CE00-456A-82F1-4BAFD385148F}.Debug|Any CPU.Build.0 = Debug|Any CPU
		{776FAC21-CE00-456A-82F1-4BAFD385148F}.Release|Any CPU.ActiveCfg = Release|Any CPU
		{776FAC21-CE00-456A-82F1-4BAFD385148F}.Release|Any CPU.Build.0 = Release|Any CPU
	EndGlobalSection
	GlobalSection(SolutionProperties) = preSolution
		HideSolutionNode = FALSE
	EndGlobalSection
	GlobalSection(ExtensibilityGlobals) = postSolution
		SolutionGuid = {FD708103-1297-431E-82E8-2F038FAD935C}
	EndGlobalSection
EndGlobal
